
Microsoft Visual Studio Solution File, Format Version 12.00
# Visual Studio 2015
Project("{FAE04EC0-301F-11D3-BF4B-00C04F79EFBC}") = "GAM112.3 10OutOf10IGN.CSharp", "GAM112.3 10OutOf10IGN.CSharp.csproj", "{47757BB2-6849-98D5-9C76-CDD04BD2B384}"
EndProject
Global
	GlobalSection(SolutionConfigurationPlatforms) = preSolution
		Debug|Any CPU = Debug|Any CPU
		Release|Any CPU = Release|Any CPU
	EndGlobalSection
	GlobalSection(ProjectConfigurationPlatforms) = postSolution
		{47757BB2-6849-98D5-9C76-CDD04BD2B384}.Debug|Any CPU.ActiveCfg = Debug|Any CPU
		{47757BB2-6849-98D5-9C76-CDD04BD2B384}.Debug|Any CPU.Build.0 = Debug|Any CPU
		{47757BB2-6849-98D5-9C76-CDD04BD2B384}.Release|Any CPU.ActiveCfg = Release|Any CPU
		{47757BB2-6849-98D5-9C76-CDD04BD2B384}.Release|Any CPU.Build.0 = Release|Any CPU
	EndGlobalSection
	GlobalSection(SolutionProperties) = preSolution
		HideSolutionNode = FALSE
	EndGlobalSection
EndGlobal
